<?xml version="1.0" encoding="utf-8"?>
<Project ToolsVersion="4.0" xmlns="http://schemas.microsoft.com/developer/msbuild/2003">
  <ItemGroup>
    <Filter Include="소스 파일">
      <UniqueIdentifier>{4FC737F1-C7A5-4376-A066-2A32D752A2FF}</UniqueIdentifier>
      <Extensions>cpp;c;cc;cxx;c++;cppm;ixx;def;odl;idl;hpj;bat;asm;asmx</Extensions>
    </Filter>
    <Filter Include="리소스 파일">
      <UniqueIdentifier>{67DA6AB6-F800-4c08-8B7A-83BB121AAD01}</UniqueIdentifier>
      <Extensions>rc;ico;cur;bmp;dlg;rc2;rct;bin;rgs;gif;jpg;jpeg;jpe;resx;tiff;tif;png;wav;mfcribbon-ms</Extensions>
    </Filter>
    <Filter Include="2D_Framework">
      <UniqueIdentifier>{a53171d1-4400-4791-bdbd-83b431d5936c}</UniqueIdentifier>
    </Filter>
    <Filter Include="MainGame">
      <UniqueIdentifier>{23f99d14-a5cf-46db-9f0c-823a25fe9e84}</UniqueIdentifier>
    </Filter>
    <Filter Include="2D_Framework\Manager">
      <UniqueIdentifier>{16f2959e-a4c4-4212-905a-2cbfc7f4241d}</UniqueIdentifier>
    </Filter>
    <Filter Include="2D_Framework\Timer">
      <UniqueIdentifier>{db5d101a-ba45-4424-b1db-b25f15c069e8}</UniqueIdentifier>
    </Filter>
    <Filter Include="2D_Framework\UI">
      <UniqueIdentifier>{7d6aa8ed-a389-4d3d-9141-2a71b4f72000}</UniqueIdentifier>
    </Filter>
    <Filter Include="2D_Framework\UI\Button">
      <UniqueIdentifier>{107932fa-9d56-4acb-91e2-7288ce24424d}</UniqueIdentifier>
    </Filter>
    <Filter Include="헤더 파일">
      <UniqueIdentifier>{93995380-89BD-4b04-88EB-625FBE52EBFB}</UniqueIdentifier>
      <Extensions>h;hh;hpp;hxx;h++;hm;inl;inc;ipp;xsd</Extensions>
    </Filter>
    <Filter Include="MainGame\DataArea">
      <UniqueIdentifier>{2a84ea8a-adbd-4a60-aa0f-ff8586e5b056}</UniqueIdentifier>
    </Filter>
    <Filter Include="MainGame\DataArea\DataStorage">
      <UniqueIdentifier>{2f74af7f-59ac-4ae1-b7ea-7c5632cbdba2}</UniqueIdentifier>
    </Filter>
    <Filter Include="MainGame\DataArea\Entities">
      <UniqueIdentifier>{74df1630-bb56-4e58-acd7-7853ba021c46}</UniqueIdentifier>
    </Filter>
    <Filter Include="MainGame\GameArea">
      <UniqueIdentifier>{fbca0122-a940-423c-bb2c-9b96c5cf9a96}</UniqueIdentifier>
    </Filter>
    <Filter Include="MainGame\GameArea\Item">
      <UniqueIdentifier>{fa5e2138-3b9a-41ac-b83b-c086710d06ca}</UniqueIdentifier>
    </Filter>
    <Filter Include="MainGame\GameArea\Scene">
      <UniqueIdentifier>{58f1dd7c-5cca-4143-8da1-14fd141e1089}</UniqueIdentifier>
    </Filter>
    <Filter Include="MainGame\GameArea\Skill">
      <UniqueIdentifier>{b319335f-7c7e-4e3e-afcb-8f0dd4385d30}</UniqueIdentifier>
    </Filter>
    <Filter Include="MainGame\GameArea\Skill\Shuriken">
      <UniqueIdentifier>{9fefd2f6-648f-4c4e-ae77-7e20ad5c68ff}</UniqueIdentifier>
    </Filter>
    <Filter Include="MainGame\GameArea\Unit">
      <UniqueIdentifier>{d7b251ba-bd4c-49d4-829a-16eb544706d4}</UniqueIdentifier>
    </Filter>
    <Filter Include="MainGame\GameArea\Unit\Monster">
      <UniqueIdentifier>{b20837ad-b8d7-4b9f-a9fc-2a252a7b3e85}</UniqueIdentifier>
    </Filter>
    <Filter Include="MainGame\GameArea\Unit\NPC">
      <UniqueIdentifier>{d9f66bc0-d695-4574-ab56-3675f506fee4}</UniqueIdentifier>
    </Filter>
    <Filter Include="MainGame\GameArea\Unit\Character">
      <UniqueIdentifier>{7302e347-4e0e-46d8-a5b1-0d4e38443eac}</UniqueIdentifier>
    </Filter>
    <Filter Include="MainGame\GameArea\Unit\Util">
      <UniqueIdentifier>{377c02a5-5b50-470f-a3a6-353afeda8617}</UniqueIdentifier>
    </Filter>
    <Filter Include="2D_Framework\image">
      <UniqueIdentifier>{d7b707aa-17d7-4244-b4b4-66d78b9cf123}</UniqueIdentifier>
    </Filter>
    <Filter Include="2D_Framework\ObejctClass">
      <UniqueIdentifier>{77e75766-a5ca-4d15-8e3e-57b67bf1deea}</UniqueIdentifier>
    </Filter>
    <Filter Include="2D_Framework\Utility">
      <UniqueIdentifier>{ede48657-9957-4a05-a6b7-3a6e9dc28de2}</UniqueIdentifier>
    </Filter>
    <Filter Include="MainGame\GameArea\Map">
      <UniqueIdentifier>{013e4215-4134-427f-8eb2-b62135277f6f}</UniqueIdentifier>
    </Filter>
    <Filter Include="2D_Framework\Sound">
      <UniqueIdentifier>{a6a6b836-8fb8-4681-9c0e-73fa01625904}</UniqueIdentifier>
    </Filter>
    <Filter Include="2D_Framework\UI\Message">
      <UniqueIdentifier>{f75bd377-fea5-41a6-a39d-72efbe6ed396}</UniqueIdentifier>
    </Filter>
    <Filter Include="MainGame\DataArea\TellerMachine">
      <UniqueIdentifier>{ab0dbc4b-2627-4f09-9da3-2668043e7156}</UniqueIdentifier>
    </Filter>
    <Filter Include="MainGame\GameArea\DTO">
      <UniqueIdentifier>{c79832ce-51b2-41c5-bb9b-cd6f2d1efc30}</UniqueIdentifier>
    </Filter>
  </ItemGroup>
  <ItemGroup>
    <ClCompile Include="Timer.cpp">
      <Filter>2D_Framework\Timer</Filter>
    </ClCompile>
    <ClCompile Include="Button.cpp">
      <Filter>2D_Framework\UI\Button</Filter>
    </ClCompile>
    <ClCompile Include="ImageManager.cpp">
      <Filter>2D_Framework\Manager</Filter>
    </ClCompile>
    <ClCompile Include="KeyManager.cpp">
      <Filter>2D_Framework\Manager</Filter>
    </ClCompile>
    <ClCompile Include="SceneManager.cpp">
      <Filter>2D_Framework\Manager</Filter>
    </ClCompile>
    <ClCompile Include="TimerManager.cpp">
      <Filter>2D_Framework\Manager</Filter>
    </ClCompile>
    <ClCompile Include="LoadingScene.cpp">
      <Filter>MainGame\GameArea\Scene</Filter>
    </ClCompile>
    <ClCompile Include="Unit.cpp">
      <Filter>MainGame\GameArea\Unit</Filter>
    </ClCompile>
    <ClCompile Include="FileManager.cpp">
      <Filter>2D_Framework\Manager</Filter>
    </ClCompile>
    <ClCompile Include="CameraManager.cpp">
      <Filter>2D_Framework\Manager</Filter>
    </ClCompile>
    <ClCompile Include="SkillManager.cpp">
      <Filter>MainGame\GameArea\Skill</Filter>
    </ClCompile>
    <ClCompile Include="Skill.cpp">
      <Filter>MainGame\GameArea\Skill</Filter>
    </ClCompile>
    <ClCompile Include="CollisionManager.cpp">
      <Filter>2D_Framework\Manager</Filter>
    </ClCompile>
    <ClCompile Include="MushroomFieldScene.cpp">
      <Filter>MainGame\GameArea\Scene</Filter>
    </ClCompile>
    <ClCompile Include="FirstTownScene.cpp">
      <Filter>MainGame\GameArea\Scene</Filter>
    </ClCompile>
    <ClCompile Include="Monster.cpp">
      <Filter>MainGame\GameArea\Unit\Monster</Filter>
    </ClCompile>
    <ClCompile Include="MonsterManager.cpp">
      <Filter>MainGame\GameArea\Unit\Monster</Filter>
    </ClCompile>
    <ClCompile Include="Mushmom.cpp">
      <Filter>MainGame\GameArea\Unit\Monster</Filter>
    </ClCompile>
    <ClCompile Include="Character.cpp">
      <Filter>MainGame\GameArea\Unit\Character</Filter>
    </ClCompile>
    <ClCompile Include="NPCManager.cpp">
      <Filter>MainGame\GameArea\Unit\NPC</Filter>
    </ClCompile>
    <ClCompile Include="DamageQueue.cpp">
      <Filter>MainGame\GameArea\Unit\Util</Filter>
    </ClCompile>
    <ClCompile Include="InGameScene.cpp">
      <Filter>MainGame\GameArea\Scene</Filter>
    </ClCompile>
    <ClCompile Include="Shuriken.cpp">
      <Filter>MainGame\GameArea\Skill\Shuriken</Filter>
    </ClCompile>
    <ClCompile Include="Item.cpp">
      <Filter>MainGame\GameArea\Item</Filter>
    </ClCompile>
    <ClCompile Include="Inventory.cpp">
      <Filter>MainGame\GameArea\Item</Filter>
    </ClCompile>
    <ClCompile Include="ItemStorage.cpp">
      <Filter>MainGame\DataArea\DataStorage</Filter>
    </ClCompile>
    <ClCompile Include="CharacterStorage.cpp">
      <Filter>MainGame\DataArea\DataStorage</Filter>
    </ClCompile>
    <ClCompile Include="MonsterStorage.cpp">
      <Filter>MainGame\DataArea\DataStorage</Filter>
    </ClCompile>
    <ClCompile Include="ConsumableItem.cpp">
      <Filter>MainGame\GameArea\Item</Filter>
    </ClCompile>
    <ClCompile Include="Image.cpp">
      <Filter>2D_Framework\image</Filter>
    </ClCompile>
    <ClCompile Include="main.cpp">
      <Filter>MainGame</Filter>
    </ClCompile>
    <ClCompile Include="MainGame.cpp">
      <Filter>MainGame\GameArea</Filter>
    </ClCompile>
    <ClCompile Include="CalcUtil.cpp">
      <Filter>2D_Framework\Utility</Filter>
    </ClCompile>
    <ClCompile Include="MapStorage.cpp">
      <Filter>MainGame\DataArea\DataStorage</Filter>
    </ClCompile>
    <ClCompile Include="NPCStorage.cpp">
      <Filter>MainGame\DataArea\DataStorage</Filter>
    </ClCompile>
    <ClCompile Include="NPC.cpp">
      <Filter>MainGame\GameArea\Unit\NPC</Filter>
    </ClCompile>
    <ClCompile Include="Map.cpp">
      <Filter>MainGame\GameArea\Map</Filter>
    </ClCompile>
    <ClCompile Include="InventoryStore.cpp">
      <Filter>MainGame\DataArea\DataStorage</Filter>
    </ClCompile>
    <ClCompile Include="CSound.cpp">
      <Filter>2D_Framework\Sound</Filter>
    </ClCompile>
    <ClCompile Include="InventoryEntity.cpp">
      <Filter>MainGame\DataArea\Entities</Filter>
    </ClCompile>
    <ClCompile Include="Alert.cpp">
      <Filter>2D_Framework\UI\Message</Filter>
    </ClCompile>
    <ClCompile Include="Confirm.cpp">
      <Filter>2D_Framework\UI\Message</Filter>
    </ClCompile>
    <ClCompile Include="CharacterEntity.cpp">
      <Filter>MainGame\DataArea\Entities</Filter>
    </ClCompile>
    <ClCompile Include="CharDataTellerMachine.cpp">
      <Filter>MainGame\DataArea\TellerMachine</Filter>
    </ClCompile>
    <ClCompile Include="CharacterDTO.cpp">
      <Filter>MainGame\GameArea\DTO</Filter>
    </ClCompile>
    <ClCompile Include="NPCDTO.cpp">
      <Filter>MainGame\GameArea\DTO</Filter>
    </ClCompile>
    <ClCompile Include="InventoryDTO.cpp">
      <Filter>MainGame\GameArea\DTO</Filter>
    </ClCompile>
    <ClCompile Include="ConsumableItemDTO.cpp">
      <Filter>MainGame\GameArea\DTO</Filter>
    </ClCompile>
    <ClCompile Include="InventoryTellerMachine.cpp">
      <Filter>MainGame\DataArea\TellerMachine</Filter>
    </ClCompile>
    <ClCompile Include="NPCTellerMachine.cpp">
      <Filter>MainGame\DataArea\TellerMachine</Filter>
    </ClCompile>
  </ItemGroup>
  <ItemGroup>
    <ClInclude Include="Timer.h">
      <Filter>2D_Framework\Timer</Filter>
    </ClInclude>
    <ClInclude Include="Button.h">
      <Filter>2D_Framework\UI\Button</Filter>
    </ClInclude>
    <ClInclude Include="ImageManager.h">
      <Filter>2D_Framework\Manager</Filter>
    </ClInclude>
    <ClInclude Include="KeyManager.h">
      <Filter>2D_Framework\Manager</Filter>
    </ClInclude>
    <ClInclude Include="SceneManager.h">
      <Filter>2D_Framework\Manager</Filter>
    </ClInclude>
    <ClInclude Include="TimerManager.h">
      <Filter>2D_Framework\Manager</Filter>
    </ClInclude>
    <ClInclude Include="LoadingScene.h">
      <Filter>MainGame\GameArea\Scene</Filter>
    </ClInclude>
    <ClInclude Include="Unit.h">
      <Filter>MainGame\GameArea\Unit</Filter>
    </ClInclude>
    <ClInclude Include="FileManager.h">
      <Filter>2D_Framework\Manager</Filter>
    </ClInclude>
    <ClInclude Include="CameraManager.h">
      <Filter>2D_Framework\Manager</Filter>
    </ClInclude>
    <ClInclude Include="SkillManager.h">
      <Filter>MainGame\GameArea\Skill</Filter>
    </ClInclude>
    <ClInclude Include="Skill.h">
      <Filter>MainGame\GameArea\Skill</Filter>
    </ClInclude>
    <ClInclude Include="CollisionManager.h">
      <Filter>2D_Framework\Manager</Filter>
    </ClInclude>
    <ClInclude Include="MushroomFieldScene.h">
      <Filter>MainGame\GameArea\Scene</Filter>
    </ClInclude>
    <ClInclude Include="FirstTownScene.h">
      <Filter>MainGame\GameArea\Scene</Filter>
    </ClInclude>
    <ClInclude Include="Monster.h">
      <Filter>MainGame\GameArea\Unit\Monster</Filter>
    </ClInclude>
    <ClInclude Include="MonsterManager.h">
      <Filter>MainGame\GameArea\Unit\Monster</Filter>
    </ClInclude>
    <ClInclude Include="Mushmom.h">
      <Filter>MainGame\GameArea\Unit\Monster</Filter>
    </ClInclude>
    <ClInclude Include="Character.h">
      <Filter>MainGame\GameArea\Unit\Character</Filter>
    </ClInclude>
    <ClInclude Include="NPCManager.h">
      <Filter>MainGame\GameArea\Unit\NPC</Filter>
    </ClInclude>
    <ClInclude Include="DamageQueue.h">
      <Filter>MainGame\GameArea\Unit\Util</Filter>
    </ClInclude>
    <ClInclude Include="InGameScene.h">
      <Filter>MainGame\GameArea\Scene</Filter>
    </ClInclude>
    <ClInclude Include="Shuriken.h">
      <Filter>MainGame\GameArea\Skill\Shuriken</Filter>
    </ClInclude>
    <ClInclude Include="Item.h">
      <Filter>MainGame\GameArea\Item</Filter>
    </ClInclude>
    <ClInclude Include="Inventory.h">
      <Filter>MainGame\GameArea\Item</Filter>
    </ClInclude>
    <ClInclude Include="ItemStorage.h">
      <Filter>MainGame\DataArea\DataStorage</Filter>
    </ClInclude>
    <ClInclude Include="CharacterStorage.h">
      <Filter>MainGame\DataArea\DataStorage</Filter>
    </ClInclude>
    <ClInclude Include="MonsterStorage.h">
      <Filter>MainGame\DataArea\DataStorage</Filter>
    </ClInclude>
    <ClInclude Include="ConsumableItem.h">
      <Filter>MainGame\GameArea\Item</Filter>
    </ClInclude>
    <ClInclude Include="Image.h">
      <Filter>2D_Framework\image</Filter>
    </ClInclude>
    <ClInclude Include="GameNode.h">
      <Filter>2D_Framework\ObejctClass</Filter>
    </ClInclude>
    <ClInclude Include="Singleton.h">
      <Filter>2D_Framework\ObejctClass</Filter>
    </ClInclude>
    <ClInclude Include="MainGame.h">
      <Filter>MainGame\GameArea</Filter>
    </ClInclude>
    <ClInclude Include="Managers.h">
      <Filter>2D_Framework\Manager</Filter>
    </ClInclude>
    <ClInclude Include="CommonFunction.h">
      <Filter>2D_Framework\Utility</Filter>
    </ClInclude>
    <ClInclude Include="CalcUtil.h">
      <Filter>2D_Framework\Utility</Filter>
    </ClInclude>
    <ClInclude Include="config.h">
      <Filter>2D_Framework\ObejctClass</Filter>
    </ClInclude>
    <ClInclude Include="MapStorage.h">
      <Filter>MainGame\DataArea\DataStorage</Filter>
    </ClInclude>
    <ClInclude Include="NPCStorage.h">
      <Filter>MainGame\DataArea\DataStorage</Filter>
    </ClInclude>
    <ClInclude Include="NPC.h">
      <Filter>MainGame\GameArea\Unit\NPC</Filter>
    </ClInclude>
    <ClInclude Include="Map.h">
      <Filter>MainGame\GameArea\Map</Filter>
    </ClInclude>
    <ClInclude Include="ConsumableItemEntity.h">
      <Filter>MainGame\DataArea\Entities</Filter>
    </ClInclude>
    <ClInclude Include="NPCEntity.h">
      <Filter>MainGame\DataArea\Entities</Filter>
    </ClInclude>
    <ClInclude Include="InventoryEntity.h">
      <Filter>MainGame\DataArea\Entities</Filter>
    </ClInclude>
    <ClInclude Include="InventoryStore.h">
      <Filter>MainGame\DataArea\DataStorage</Filter>
    </ClInclude>
    <ClInclude Include="CSound.h">
      <Filter>2D_Framework\Sound</Filter>
    </ClInclude>
    <ClInclude Include="Alert.h">
      <Filter>2D_Framework\UI\Message</Filter>
    </ClInclude>
    <ClInclude Include="Confirm.h">
      <Filter>2D_Framework\UI\Message</Filter>
    </ClInclude>
    <ClInclude Include="CharacterEntity.h">
      <Filter>MainGame\DataArea\Entities</Filter>
    </ClInclude>
    <ClInclude Include="CharDataTellerMachine.h">
      <Filter>MainGame\DataArea\TellerMachine</Filter>
    </ClInclude>
    <ClInclude Include="CharacterDTO.h">
      <Filter>MainGame\GameArea\DTO</Filter>
    </ClInclude>
    <ClInclude Include="NPCDTO.h">
      <Filter>MainGame\GameArea\DTO</Filter>
    </ClInclude>
    <ClInclude Include="InventoryDTO.h">
      <Filter>MainGame\GameArea\DTO</Filter>
    </ClInclude>
    <ClInclude Include="ConsumableItemDTO.h">
      <Filter>MainGame\GameArea\DTO</Filter>
    </ClInclude>
    <ClInclude Include="InventoryTellerMachine.h">
      <Filter>MainGame\DataArea\TellerMachine</Filter>
    </ClInclude>
    <ClInclude Include="NPCTellerMachine.h">
      <Filter>MainGame\DataArea\TellerMachine</Filter>
    </ClInclude>
  </ItemGroup>
</Project>